
Microsoft Visual Studio Solution File, Format Version 12.00
# Visual Studio Version 17
VisualStudioVersion = 17.12.35527.113 d17.12
MinimumVisualStudioVersion = 10.0.40219.1
Project("{FAE04EC0-301F-11D3-BF4B-00C04F79EFBC}") = "Week6StringsAndArrays", "Week6StringsAndArrays\Week6StringsAndArrays.csproj", "{EE7F9846-B7AD-42DF-B570-CD72253D5E06}"
EndProject
Project("{FAE04EC0-301F-11D3-BF4B-00C04F79EFBC}") = "RandomElement", "RandomElement\RandomElement.csproj", "{0C6D49D7-A012-4916-983D-DDAE95475426}"
EndProject
Project("{FAE04EC0-301F-11D3-BF4B-00C04F79EFBC}") = "NumberArrays", "NumberArrays\NumberArrays.csproj", "{D87F6F34-FA1F-425F-9A72-804F160E7A19}"
EndProject
Project("{FAE04EC0-301F-11D3-BF4B-00C04F79EFBC}") = "Arrays", "Arrays\Arrays.csproj", "{9FD28B9D-F047-47EC-A94D-8CF59780948A}"
EndProject
Global
	GlobalSection(SolutionConfigurationPlatforms) = preSolution
		Debug|Any CPU = Debug|Any CPU
		Release|Any CPU = Release|Any CPU
	EndGlobalSection
	GlobalSection(ProjectConfigurationPlatforms) = postSolution
		{EE7F9846-B7AD-42DF-B570-CD72253D5E06}.Debug|Any CPU.ActiveCfg = Debug|Any CPU
		{EE7F9846-B7AD-42DF-B570-CD72253D5E06}.Debug|Any CPU.Build.0 = Debug|Any CPU
		{EE7F9846-B7AD-42DF-B570-CD72253D5E06}.Release|Any CPU.ActiveCfg = Release|Any CPU
		{EE7F9846-B7AD-42DF-B570-CD72253D5E06}.Release|Any CPU.Build.0 = Release|Any CPU
		{0C6D49D7-A012-4916-983D-DDAE95475426}.Debug|Any CPU.ActiveCfg = Debug|Any CPU
		{0C6D49D7-A012-4916-983D-DDAE95475426}.Debug|Any CPU.Build.0 = Debug|Any CPU
		{0C6D49D7-A012-4916-983D-DDAE95475426}.Release|Any CPU.ActiveCfg = Release|Any CPU
		{0C6D49D7-A012-4916-983D-DDAE95475426}.Release|Any CPU.Build.0 = Release|Any CPU
		{D87F6F34-FA1F-425F-9A72-804F160E7A19}.Debug|Any CPU.ActiveCfg = Debug|Any CPU
		{D87F6F34-FA1F-425F-9A72-804F160E7A19}.Debug|Any CPU.Build.0 = Debug|Any CPU
		{D87F6F34-FA1F-425F-9A72-804F160E7A19}.Release|Any CPU.ActiveCfg = Release|Any CPU
		{D87F6F34-FA1F-425F-9A72-804F160E7A19}.Release|Any CPU.Build.0 = Release|Any CPU
		{9FD28B9D-F047-47EC-A94D-8CF59780948A}.Debug|Any CPU.ActiveCfg = Debug|Any CPU
		{9FD28B9D-F047-47EC-A94D-8CF59780948A}.Debug|Any CPU.Build.0 = Debug|Any CPU
		{9FD28B9D-F047-47EC-A94D-8CF59780948A}.Release|Any CPU.ActiveCfg = Release|Any CPU
		{9FD28B9D-F047-47EC-A94D-8CF59780948A}.Release|Any CPU.Build.0 = Release|Any CPU
	EndGlobalSection
	GlobalSection(SolutionProperties) = preSolution
		HideSolutionNode = FALSE
	EndGlobalSection
EndGlobal
